{
  "name": "npm-pkgs",
  "version": "1.0.0",
  "lockfileVersion": 1,
  "requires": true,
  "dependencies": {
    "address": {
      "version": "1.1.2",
      "resolved": "https://registry.npmmirror.com/address/-/address-1.1.2.tgz",
      "integrity": "sha512-aT6camzM4xEA54YVJYSqxz1kv4IHnQZRtThJJHhUMRExaU5spC7jX5ugSwTaTgJliIgs4VhZOk7htClvQ/LmRA=="
    },
    "cac": {
      "version": "6.7.12",
      "resolved": "https://registry.npmmirror.com/cac/-/cac-6.7.12.tgz",
      "integrity": "sha512-rM7E2ygtMkJqD9c7WnFU6fruFcN3xe4FM5yUmgxhZzIKJk4uHl9U/fhwdajGFQbQuv43FAUo1Fe8gX/oIKDeSA=="
    },
    "consola": {
      "version": "2.15.3",
      "resolved": "https://registry.npmmirror.com/consola/-/consola-2.15.3.tgz",
      "integrity": "sha512-9vAdYbHj6x2fLKC4+oPH0kFzY/orMZyG2Aj+kNylHxKGJ/Ed4dpNyAQYwJOdqO4zdM7XpVHmyejQDcQHrnuXbw=="
    },
    "debug": {
      "version": "2.6.9",
      "resolved": "https://registry.npmmirror.com/debug/-/debug-2.6.9.tgz",
      "integrity": "sha512-bC7ElrdJaJnPbAP+1EotYvqZsb3ecl5wi6Bfi6BJTUcNowp6cvspg0jXznRTKDjm/E7AdgFBVeAPVMNcKGsHMA==",
      "requires": {
        "ms": "2.0.0"
      }
    },
    "detect-port": {
      "version": "1.3.0",
      "resolved": "https://registry.npmmirror.com/detect-port/-/detect-port-1.3.0.tgz",
      "integrity": "sha512-E+B1gzkl2gqxt1IhUzwjrxBKRqx1UzC3WLONHinn8S3T6lwV/agVCyitiFOsGJ/eYuEUBvD71MZHy3Pv1G9doQ==",
      "requires": {
        "address": "^1.0.1",
        "debug": "^2.6.0"
      }
    },
    "fn-args": {
      "version": "6.0.0",
      "resolved": "https://registry.npmjs.org/fn-args/-/fn-args-6.0.0.tgz",
      "integrity": "sha512-da4veZTtOBKQ+H0V4RRQzfIxxZzNGE0+0R0WrwCsOeHYGMhm4lM46Tfh8v3ihlHXd1z0hpySN2+B7US22YzmCw=="
    },
    "jiti": {
      "version": "1.13.0",
      "resolved": "https://registry.npmmirror.com/jiti/-/jiti-1.13.0.tgz",
      "integrity": "sha512-/n9mNxZj/HDSrincJ6RP+L+yXbpnB8FybySBa+IjIaoH9FIxBbrbRT5XUbe8R7zuVM2AQqNMNDDqz0bzx3znOQ=="
    },
    "light-spinner": {
      "version": "1.0.4",
      "resolved": "https://registry.npmjs.org/light-spinner/-/light-spinner-1.0.4.tgz",
      "integrity": "sha512-2ugkvDHNKM0uGNCXDEMXjl8xm4TPDLYCQYFD2Oqd3J6ZL8bIQsjzB++yYgvWU4MX3zd3HYAT/crZtnSFrYIpvA=="
    },
    "ms": {
      "version": "2.0.0",
      "resolved": "https://registry.npmmirror.com/ms/-/ms-2.0.0.tgz",
      "integrity": "sha512-Tpp60P6IUJDTuOq/5Z8cdskzJujfwqfOTkrwIwj7IRISpnkJnT6SyJ4PCPnGMoFjC9ddhal5KVIYtAt97ix05A=="
    },
    "pirates": {
      "version": "4.0.5",
      "resolved": "https://registry.npmmirror.com/pirates/-/pirates-4.0.5.tgz",
      "integrity": "sha512-8V9+HQPupnaXMA23c5hvl69zXvTwTzyAYasnkb0Tts4XvO4CliqONMOnvlq26rkhLC3nWDFBJf73LU1e1VZLaQ=="
    }
  }
}
